Microsoft Visual Studio Solution File, Format Version 12.00
# Visual Studio Version 17
VisualStudioVersion = 17.5.2.0
MinimumVisualStudioVersion = 10.0.40219.1
Project("{FAE04EC0-301F-11D3-BF4B-00C04F79EFBC}") = "MinimalApiMeetupDemo", "MinimalApiMeetupDemo.csproj", "{B3AC072D-59A2-593D-C13C-ECCF29614E87}"
EndProject
Global
	GlobalSection(SolutionConfigurationPlatforms) = preSolution
		Debug|Any CPU = Debug|Any CPU
		Release|Any CPU = Release|Any CPU
	EndGlobalSection
	GlobalSection(ProjectConfigurationPlatforms) = postSolution
		{B3AC072D-59A2-593D-C13C-ECCF29614E87}.Debug|Any CPU.ActiveCfg = Debug|Any CPU
		{B3AC072D-59A2-593D-C13C-ECCF29614E87}.Debug|Any CPU.Build.0 = Debug|Any CPU
		{B3AC072D-59A2-593D-C13C-ECCF29614E87}.Release|Any CPU.ActiveCfg = Release|Any CPU
		{B3AC072D-59A2-593D-C13C-ECCF29614E87}.Release|Any CPU.Build.0 = Release|Any CPU
	EndGlobalSection
	GlobalSection(SolutionProperties) = preSolution
		HideSolutionNode = FALSE
	EndGlobalSection
	GlobalSection(ExtensibilityGlobals) = postSolution
		SolutionGuid = {8F6BE521-214B-4BD1-8AF9-31C6FD5C1CA5}
	EndGlobalSection
EndGlobal
